{
  "name": "assets",
  "lockfileVersion": 3,
  "requires": true,
  "packages": {
    "": {
      "name": "assets",
      "dependencies": {
        "anex": "git+ssh://git@github.com/anex-ui/anex.git"
      }
    },
    "node_modules/@floating-ui/core": {
      "version": "1.5.0",
      "resolved": "https://registry.npmjs.org/@floating-ui/core/-/core-1.5.0.tgz",
      "integrity": "sha512-kK1h4m36DQ0UHGj5Ah4db7R0rHemTqqO0QLvUqi1/mUUp3LuAWbWxdxSIf/XsnH9VS6rRVPLJCncjRzUvyCLXg==",
      "dependencies": {
        "@floating-ui/utils": "^0.1.3"
      }
    },
    "node_modules/@floating-ui/dom": {
      "version": "1.5.3",
      "resolved": "https://registry.npmjs.org/@floating-ui/dom/-/dom-1.5.3.tgz",
      "integrity": "sha512-ClAbQnEqJAKCJOEbbLo5IUlZHkNszqhuxS4fHAVxRPXPya6Ysf2G8KypnYcOTpx6I8xcgF9bbHb6g/2KpbV8qA==",
      "dependencies": {
        "@floating-ui/core": "^1.4.2",
        "@floating-ui/utils": "^0.1.3"
      }
    },
    "node_modules/@floating-ui/utils": {
      "version": "0.1.6",
      "resolved": "https://registry.npmjs.org/@floating-ui/utils/-/utils-0.1.6.tgz",
      "integrity": "sha512-OfX7E2oUDYxtBvsuS4e/jSn4Q9Qb6DzgeYtsAdkPZ47znpoNsMgZw0+tVijiv3uGNR6dgNlty6r9rzIzHjtd/A=="
    },
    "node_modules/@zag-js/anatomy": {
      "version": "0.21.0",
      "resolved": "https://registry.npmjs.org/@zag-js/anatomy/-/anatomy-0.21.0.tgz",
      "integrity": "sha512-fqdzuHzioGQ9IUOK4SSmUXlThozLkM0BWlFomZlfjHoVdtsKfmDOC69HlPzzqfBbPQE8xOn1E+04+MuA0BMumQ=="
    },
    "node_modules/@zag-js/core": {
      "version": "0.21.0",
      "resolved": "https://registry.npmjs.org/@zag-js/core/-/core-0.21.0.tgz",
      "integrity": "sha512-YPGPBpOExfsIM07w99115mHjiTsTxbTJLS8KW27A4AVXuyW2366Vfgxux5qmfbtDGzv7Y7pF0PfoCUi9CM4UnA==",
      "dependencies": {
        "@zag-js/store": "0.21.0",
        "klona": "2.0.6"
      }
    },
    "node_modules/@zag-js/dismissable": {
      "version": "0.21.0",
      "resolved": "https://registry.npmjs.org/@zag-js/dismissable/-/dismissable-0.21.0.tgz",
      "integrity": "sha512-81vIpB+6qZFLn3IkByTub6z79cTI1O0jMh8SxWku89IWW9nNTDKrKuByLEA5ryw0eA7RW0yrADNsi4bB+FKxKg==",
      "dependencies": {
        "@zag-js/dom-event": "0.21.0",
        "@zag-js/dom-query": "0.21.0",
        "@zag-js/interact-outside": "0.21.0",
        "@zag-js/utils": "0.21.0"
      }
    },
    "node_modules/@zag-js/dom-event": {
      "version": "0.21.0",
      "resolved": "https://registry.npmjs.org/@zag-js/dom-event/-/dom-event-0.21.0.tgz",
      "integrity": "sha512-yHQzMoP0/cno02FCTkPz03OZ4qTaUnv6OpOiJG34SODK169DqZR+h04B49DJ3LU3AFfES3U4Desaj/4NfViJTA==",
      "dependencies": {
        "@zag-js/text-selection": "0.21.0",
        "@zag-js/types": "0.21.0"
      }
    },
    "node_modules/@zag-js/dom-query": {
      "version": "0.21.0",
      "resolved": "https://registry.npmjs.org/@zag-js/dom-query/-/dom-query-0.21.0.tgz",
      "integrity": "sha512-Uu5GLKZP2pmoEPwshh3vtJnXqce4d3/U9F3zAML+duruWLg+OCtUp8pojDn6CAkiT2VbFfXysB1IWQj8rA3A2Q=="
    },
    "node_modules/@zag-js/element-rect": {
      "version": "0.21.0",
      "resolved": "https://registry.npmjs.org/@zag-js/element-rect/-/element-rect-0.21.0.tgz",
      "integrity": "sha512-IbSD6khCgRt+mePDNurALxnWOm7jB548ONybSNBfxzp/qtv8xAHK2LuoCiVMUI/E4OfJMmRpcbdNzMKQkslI3Q=="
    },
    "node_modules/@zag-js/interact-outside": {
      "version": "0.21.0",
      "resolved": "https://registry.npmjs.org/@zag-js/interact-outside/-/interact-outside-0.21.0.tgz",
      "integrity": "sha512-SPwxczDFbE0rduOQBUprYHVz2pQYG2Qu1p8A2JcaN2HhsPhpeTlPXBqOBo1a8coFveK9nWnHsweG5d3dA4+ESA==",
      "dependencies": {
        "@zag-js/dom-event": "0.21.0",
        "@zag-js/dom-query": "0.21.0",
        "@zag-js/tabbable": "0.21.0",
        "@zag-js/utils": "0.21.0"
      }
    },
    "node_modules/@zag-js/menu": {
      "version": "0.21.0",
      "resolved": "https://registry.npmjs.org/@zag-js/menu/-/menu-0.21.0.tgz",
      "integrity": "sha512-NHEB0LvbwFmfw91fGClD5mWub5DTDhye7ojds+QvIw05hztVGpXE2AwV9HUZdS/246h5o788bOyXYcK3MaayIg==",
      "dependencies": {
        "@zag-js/anatomy": "0.21.0",
        "@zag-js/core": "0.21.0",
        "@zag-js/dismissable": "0.21.0",
        "@zag-js/dom-event": "0.21.0",
        "@zag-js/dom-query": "0.21.0",
        "@zag-js/mutation-observer": "0.21.0",
        "@zag-js/popper": "0.21.0",
        "@zag-js/rect-utils": "0.21.0",
        "@zag-js/types": "0.21.0",
        "@zag-js/utils": "0.21.0"
      }
    },
    "node_modules/@zag-js/mutation-observer": {
      "version": "0.21.0",
      "resolved": "https://registry.npmjs.org/@zag-js/mutation-observer/-/mutation-observer-0.21.0.tgz",
      "integrity": "sha512-03DYUkQ3BLvsLRGIzcz3IEiXBzTRcurCD6/aFUMzw9dbo3x2xozUGrS6VjzNATSIKL1G2LvtqMGTghRnOeC3ew=="
    },
    "node_modules/@zag-js/popper": {
      "version": "0.21.0",
      "resolved": "https://registry.npmjs.org/@zag-js/popper/-/popper-0.21.0.tgz",
      "integrity": "sha512-cGLbfrNFGJnr3uzPgAAwSXyOPyAg+oMIMcAPCQKhjXSEMVBDiSdFE79pMIXe1irTAAFtvGhKk0N/AbWqy3q+Cw==",
      "dependencies": {
        "@floating-ui/dom": "1.5.3",
        "@zag-js/dom-query": "0.21.0",
        "@zag-js/element-rect": "0.21.0",
        "@zag-js/utils": "0.21.0"
      }
    },
    "node_modules/@zag-js/rect-utils": {
      "version": "0.21.0",
      "resolved": "https://registry.npmjs.org/@zag-js/rect-utils/-/rect-utils-0.21.0.tgz",
      "integrity": "sha512-U6L+86/se8pAgCYHB1a1LliPnjcQpHxKzaUzLjr+HysdQib7Jl7JpO07PY4F/kF0rsOirKfOJdjUaATvAd8Efw=="
    },
    "node_modules/@zag-js/store": {
      "version": "0.21.0",
      "resolved": "https://registry.npmjs.org/@zag-js/store/-/store-0.21.0.tgz",
      "integrity": "sha512-uiECn/9cMJvX1EopTTm64/wN0R8JY4DakFFMG1wdaZEBA7CnfDbb1MQp6XY9+RkZhcGrAy8oLtW2NGlWACQwqg==",
      "dependencies": {
        "proxy-compare": "2.5.1"
      }
    },
    "node_modules/@zag-js/tabbable": {
      "version": "0.21.0",
      "resolved": "https://registry.npmjs.org/@zag-js/tabbable/-/tabbable-0.21.0.tgz",
      "integrity": "sha512-9n8tvLTvO8JfaR/9oxOGXPhAcUbuGtOaycd6GdDXmmg8BhWQpZyqAsggJXs0FYlAwHBo6c4Tt5sNVLEg4JAywg==",
      "dependencies": {
        "@zag-js/dom-query": "0.21.0"
      }
    },
    "node_modules/@zag-js/text-selection": {
      "version": "0.21.0",
      "resolved": "https://registry.npmjs.org/@zag-js/text-selection/-/text-selection-0.21.0.tgz",
      "integrity": "sha512-MRkvXr6k3Hz0457WpzirjqSqaYBJcA1Mk3HVAMtTRu39D6euP8RNQPeGxH2iFl4eeyFiu1U0TDIvkyQi++lWPQ==",
      "dependencies": {
        "@zag-js/dom-query": "0.21.0"
      }
    },
    "node_modules/@zag-js/types": {
      "version": "0.21.0",
      "resolved": "https://registry.npmjs.org/@zag-js/types/-/types-0.21.0.tgz",
      "integrity": "sha512-ICW/e+SsmEokX9j8E5jDGRPxQCVdWZo687gWw9kxBV5aggc4leJLxvezjisLlbUpNK0j2KZws5HR+TPvygW16Q==",
      "dependencies": {
        "csstype": "3.1.2"
      }
    },
    "node_modules/@zag-js/utils": {
      "version": "0.21.0",
      "resolved": "https://registry.npmjs.org/@zag-js/utils/-/utils-0.21.0.tgz",
      "integrity": "sha512-cI/d33LDSVHsfD2NtipP+6jBT4cQSOJr38lN3Ofd0xSqQSFQ6fkFqJAdCGpc5NEvk6NSmVAWjj1rYAOCuFkc1w=="
    },
    "node_modules/anex": {
      "name": "headlessbird",
      "resolved": "git+ssh://git@github.com/anex-ui/anex.git#acc201204860eba46cd3690fde82c031e5893efa",
      "dependencies": {
        "@zag-js/menu": "0.21.0",
        "hyphenate-style-name": "1.0.4"
      }
    },
    "node_modules/csstype": {
      "version": "3.1.2",
      "resolved": "https://registry.npmjs.org/csstype/-/csstype-3.1.2.tgz",
      "integrity": "sha512-I7K1Uu0MBPzaFKg4nI5Q7Vs2t+3gWWW648spaF+Rg7pI9ds18Ugn+lvg4SHczUdKlHI5LWBXyqfS8+DufyBsgQ=="
    },
    "node_modules/hyphenate-style-name": {
      "version": "1.0.4",
      "resolved": "https://registry.npmjs.org/hyphenate-style-name/-/hyphenate-style-name-1.0.4.tgz",
      "integrity": "sha512-ygGZLjmXfPHj+ZWh6LwbC37l43MhfztxetbFCoYTM2VjkIUpeHgSNn7QIyVFj7YQ1Wl9Cbw5sholVJPzWvC2MQ=="
    },
    "node_modules/klona": {
      "version": "2.0.6",
      "resolved": "https://registry.npmjs.org/klona/-/klona-2.0.6.tgz",
      "integrity": "sha512-dhG34DXATL5hSxJbIexCft8FChFXtmskoZYnoPWjXQuebWYCNkVeV3KkGegCK9CP1oswI/vQibS2GY7Em/sJJA==",
      "engines": {
        "node": ">= 8"
      }
    },
    "node_modules/proxy-compare": {
      "version": "2.5.1",
      "resolved": "https://registry.npmjs.org/proxy-compare/-/proxy-compare-2.5.1.tgz",
      "integrity": "sha512-oyfc0Tx87Cpwva5ZXezSp5V9vht1c7dZBhvuV/y3ctkgMVUmiAGDVeeB0dKhGSyT0v1ZTEQYpe/RXlBVBNuCLA=="
    }
  }
}
